
Microsoft Visual Studio Solution File, Format Version 12.00
# Visual Studio Version 17
VisualStudioVersion = 17.1.32421.90
MinimumVisualStudioVersion = 10.0.40219.1
Project("{FAE04EC0-301F-11D3-BF4B-00C04F79EFBC}") = "Testlet", "Testlet\Testlet.csproj", "{4EEEC267-4B69-4CCE-976C-7C78E8093692}"
EndProject
Project("{FAE04EC0-301F-11D3-BF4B-00C04F79EFBC}") = "Testlet.Tests", "Testlet.Tests\Testlet.Tests.csproj", "{69C38CF1-0AC9-493D-AC24-ACD420D05E96}"
EndProject
Global
	GlobalSection(SolutionConfigurationPlatforms) = preSolution
		Debug|Any CPU = Debug|Any CPU
		Release|Any CPU = Release|Any CPU
	EndGlobalSection
	GlobalSection(ProjectConfigurationPlatforms) = postSolution
		{4EEEC267-4B69-4CCE-976C-7C78E8093692}.Debug|Any CPU.ActiveCfg = Debug|Any CPU
		{4EEEC267-4B69-4CCE-976C-7C78E8093692}.Debug|Any CPU.Build.0 = Debug|Any CPU
		{4EEEC267-4B69-4CCE-976C-7C78E8093692}.Release|Any CPU.ActiveCfg = Release|Any CPU
		{4EEEC267-4B69-4CCE-976C-7C78E8093692}.Release|Any CPU.Build.0 = Release|Any CPU
		{69C38CF1-0AC9-493D-AC24-ACD420D05E96}.Debug|Any CPU.ActiveCfg = Debug|Any CPU
		{69C38CF1-0AC9-493D-AC24-ACD420D05E96}.Debug|Any CPU.Build.0 = Debug|Any CPU
		{69C38CF1-0AC9-493D-AC24-ACD420D05E96}.Release|Any CPU.ActiveCfg = Release|Any CPU
		{69C38CF1-0AC9-493D-AC24-ACD420D05E96}.Release|Any CPU.Build.0 = Release|Any CPU
	EndGlobalSection
	GlobalSection(SolutionProperties) = preSolution
		HideSolutionNode = FALSE
	EndGlobalSection
	GlobalSection(ExtensibilityGlobals) = postSolution
		SolutionGuid = {EFAA4DCC-1132-440C-8C68-218355009E04}
	EndGlobalSection
EndGlobal
